// !$*UTF8*$!
{
	archiveVersion = 1;
	classes = {
	};
	objectVersion = 51;
	objects = {

/* Begin PBXBuildFile section */
		249B4A441EE93B0453015FBF /* Pods_Covid19_Tracker.framework in Frameworks */ = {isa = PBXBuildFile; fileRef = 6E7510ABA93D5516698CB696 /* Pods_Covid19_Tracker.framework */; };
		8806205F2456BC7F00A66FA9 /* AppDelegate.swift in Sources */ = {isa = PBXBuildFile; fileRef = 8806205E2456BC7F00A66FA9 /* AppDelegate.swift */; };
		880620612456BC7F00A66FA9 /* SceneDelegate.swift in Sources */ = {isa = PBXBuildFile; fileRef = 880620602456BC7F00A66FA9 /* SceneDelegate.swift */; };
		880620632456BC7F00A66FA9 /* TrackerViewController.swift in Sources */ = {isa = PBXBuildFile; fileRef = 880620622456BC7F00A66FA9 /* TrackerViewController.swift */; };
		880620662456BC7F00A66FA9 /* Main.storyboard in Resources */ = {isa = PBXBuildFile; fileRef = 880620642456BC7F00A66FA9 /* Main.storyboard */; };
		880620682456BC7F00A66FA9 /* Assets.xcassets in Resources */ = {isa = PBXBuildFile; fileRef = 880620672456BC7F00A66FA9 /* Assets.xcassets */; };
		8806206B2456BC7F00A66FA9 /* LaunchScreen.storyboard in Resources */ = {isa = PBXBuildFile; fileRef = 880620692456BC7F00A66FA9 /* LaunchScreen.storyboard */; };
		880620762456C3BB00A66FA9 /* CovidData.swift in Sources */ = {isa = PBXBuildFile; fileRef = 880620752456C3BB00A66FA9 /* CovidData.swift */; };
		880620782456C3C500A66FA9 /* CovidDataModel.swift in Sources */ = {isa = PBXBuildFile; fileRef = 880620772456C3C500A66FA9 /* CovidDataModel.swift */; };
		8806207A2456C3D200A66FA9 /* CovidDataManager.swift in Sources */ = {isa = PBXBuildFile; fileRef = 880620792456C3D200A66FA9 /* CovidDataManager.swift */; };
/* End PBXBuildFile section */

/* Begin PBXFileReference section */
		36D3961851053933BE330C42 /* Pods-Covid19-Tracker.debug.xcconfig */ = {isa = PBXFileReference; includeInIndex = 1; lastKnownFileType = text.xcconfig; name = "Pods-Covid19-Tracker.debug.xcconfig"; path = "Target Support Files/Pods-Covid19-Tracker/Pods-Covid19-Tracker.debug.xcconfig"; sourceTree = "<group>"; };
		49E0CC599305D5DF8E508BD4 /* Pods-Covid19-Tracker.release.xcconfig */ = {isa = PBXFileReference; includeInIndex = 1; lastKnownFileType = text.xcconfig; name = "Pods-Covid19-Tracker.release.xcconfig"; path = "Target Support Files/Pods-Covid19-Tracker/Pods-Covid19-Tracker.release.xcconfig"; sourceTree = "<group>"; };
		6E7510ABA93D5516698CB696 /* Pods_Covid19_Tracker.framework */ = {isa = PBXFileReference; explicitFileType = wrapper.framework; includeInIndex = 0; path = Pods_Covid19_Tracker.framework; sourceTree = BUILT_PRODUCTS_DIR; };
		8806205B2456BC7F00A66FA9 /* Covid19-Tracker.app */ = {isa = PBXFileReference; explicitFileType = wrapper.application; includeInIndex = 0; path = "Covid19-Tracker.app"; sourceTree = BUILT_PRODUCTS_DIR; };
		8806205E2456BC7F00A66FA9 /* AppDelegate.swift */ = {isa = PBXFileReference; lastKnownFileType = sourcecode.swift; path = AppDelegate.swift; sourceTree = "<group>"; };
		880620602456BC7F00A66FA9 /* SceneDelegate.swift */ = {isa = PBXFileReference; lastKnownFileType = sourcecode.swift; path = SceneDelegate.swift; sourceTree = "<group>"; };
		880620622456BC7F00A66FA9 /* TrackerViewController.swift */ = {isa = PBXFileReference; lastKnownFileType = sourcecode.swift; path = TrackerViewController.swift; sourceTree = "<group>"; };
		880620652456BC7F00A66FA9 /* Base */ = {isa = PBXFileReference; lastKnownFileType = file.storyboard; name = Base; path = Base.lproj/Main.storyboard; sourceTree = "<group>"; };
		880620672456BC7F00A66FA9 /* Assets.xcassets */ = {isa = PBXFileReference; lastKnownFileType = folder.assetcatalog; path = Assets.xcassets; sourceTree = "<group>"; };
		8806206A2456BC7F00A66FA9 /* Base */ = {isa = PBXFileReference; lastKnownFileType = file.storyboard; name = Base; path = Base.lproj/LaunchScreen.storyboard; sourceTree = "<group>"; };
		8806206C2456BC7F00A66FA9 /* Info.plist */ = {isa = PBXFileReference; lastKnownFileType = text.plist.xml; path = Info.plist; sourceTree = "<group>"; };
		880620752456C3BB00A66FA9 /* CovidData.swift */ = {isa = PBXFileReference; lastKnownFileType = sourcecode.swift; path = CovidData.swift; sourceTree = "<group>"; };
		880620772456C3C500A66FA9 /* CovidDataModel.swift */ = {isa = PBXFileReference; lastKnownFileType = sourcecode.swift; path = CovidDataModel.swift; sourceTree = "<group>"; };
		880620792456C3D200A66FA9 /* CovidDataManager.swift */ = {isa = PBXFileReference; lastKnownFileType = sourcecode.swift; path = CovidDataManager.swift; sourceTree = "<group>"; };
/* End PBXFileReference section */

/* Begin PBXFrameworksBuildPhase section */
		880620582456BC7F00A66FA9 /* Frameworks */ = {
			isa = PBXFrameworksBuildPhase;
			buildActionMask = 2147483647;
			files = (
				249B4A441EE93B0453015FBF /* Pods_Covid19_Tracker.framework in Frameworks */,
			);
			runOnlyForDeploymentPostprocessing = 0;
		};
/* End PBXFrameworksBuildPhase section */

/* Begin PBXGroup section */
		1FE6CB60BCC7E66F98BF44AC /* Pods */ = {
			isa = PBXGroup;
			children = (
				36D3961851053933BE330C42 /* Pods-Covid19-Tracker.debug.xcconfig */,
				49E0CC599305D5DF8E508BD4 /* Pods-Covid19-Tracker.release.xcconfig */,
			);
			path = Pods;
			sourceTree = "<group>";
		};
		880620522456BC7F00A66FA9 = {
			isa = PBXGroup;
			children = (
				8806205D2456BC7F00A66FA9 /* Covid19-Tracker */,
				8806205C2456BC7F00A66FA9 /* Products */,
				1FE6CB60BCC7E66F98BF44AC /* Pods */,
				AE83ECCB6CD5E467544EC249 /* Frameworks */,
			);
			sourceTree = "<group>";
		};
		8806205C2456BC7F00A66FA9 /* Products */ = {
			isa = PBXGroup;
			children = (
				8806205B2456BC7F00A66FA9 /* Covid19-Tracker.app */,
			);
			name = Products;
			sourceTree = "<group>";
		};
		8806205D2456BC7F00A66FA9 /* Covid19-Tracker */ = {
			isa = PBXGroup;
			children = (
				8806205E2456BC7F00A66FA9 /* AppDelegate.swift */,
				880620602456BC7F00A66FA9 /* SceneDelegate.swift */,
				880620722456C39400A66FA9 /* Model */,
				880620732456C39A00A66FA9 /* View */,
				880620742456C3A500A66FA9 /* Controller */,
				880620672456BC7F00A66FA9 /* Assets.xcassets */,
				8806206C2456BC7F00A66FA9 /* Info.plist */,
			);
			path = "Covid19-Tracker";
			sourceTree = "<group>";
		};
		880620722456C39400A66FA9 /* Model */ = {
			isa = PBXGroup;
			children = (
				880620752456C3BB00A66FA9 /* CovidData.swift */,
				880620772456C3C500A66FA9 /* CovidDataModel.swift */,
				880620792456C3D200A66FA9 /* CovidDataManager.swift */,
			);
			path = Model;
			sourceTree = "<group>";
		};
		880620732456C39A00A66FA9 /* View */ = {
			isa = PBXGroup;
			children = (
				880620642456BC7F00A66FA9 /* Main.storyboard */,
				880620692456BC7F00A66FA9 /* LaunchScreen.storyboard */,
			);
			path = View;
			sourceTree = "<group>";
		};
		880620742456C3A500A66FA9 /* Controller */ = {
			isa = PBXGroup;
			children = (
				880620622456BC7F00A66FA9 /* TrackerViewController.swift */,
			);
			path = Controller;
			sourceTree = "<group>";
		};
		AE83ECCB6CD5E467544EC249 /* Frameworks */ = {
			isa = PBXGroup;
			children = (
				6E7510ABA93D5516698CB696 /* Pods_Covid19_Tracker.framework */,
			);
			name = Frameworks;
			sourceTree = "<group>";
		};
/* End PBXGroup section */

/* Begin PBXNativeTarget section */
		8806205A2456BC7F00A66FA9 /* Covid19-Tracker */ = {
			isa = PBXNativeTarget;
			buildConfigurationList = 8806206F2456BC7F00A66FA9 /* Build configuration list for PBXNativeTarget "Covid19-Tracker" */;
			buildPhases = (
				D62AEA616C303BEF68EFEB23 /* [CP] Check Pods Manifest.lock */,
				880620572456BC7F00A66FA9 /* Sources */,
				880620582456BC7F00A66FA9 /* Frameworks */,
				880620592456BC7F00A66FA9 /* Resources */,
				B39603366D921007E4A316A6 /* [CP] Embed Pods Frameworks */,
			);
			buildRules = (
			);
			dependencies = (
			);
			name = "Covid19-Tracker";
			productName = "Covid19-Tracker";
			productReference = 8806205B2456BC7F00A66FA9 /* Covid19-Tracker.app */;
			productType = "com.apple.product-type.application";
		};
/* End PBXNativeTarget section */

/* Begin PBXProject section */
		880620532456BC7F00A66FA9 /* Project object */ = {
			isa = PBXProject;
			attributes = {
				LastSwiftUpdateCheck = 1140;
				LastUpgradeCheck = 1140;
				ORGANIZATIONNAME = Naidas;
				TargetAttributes = {
					8806205A2456BC7F00A66FA9 = {
						CreatedOnToolsVersion = 11.4.1;
					};
				};
			};
			buildConfigurationList = 880620562456BC7F00A66FA9 /* Build configuration list for PBXProject "Covid19-Tracker" */;
			compatibilityVersion = "Xcode 9.3";
			developmentRegion = en;
			hasScannedForEncodings = 0;
			knownRegions = (
				en,
				Base,
			);
			mainGroup = 880620522456BC7F00A66FA9;
			productRefGroup = 8806205C2456BC7F00A66FA9 /* Products */;
			projectDirPath = "";
			projectRoot = "";
			targets = (
				8806205A2456BC7F00A66FA9 /* Covid19-Tracker */,
			);
		};
/* End PBXProject section */

/* Begin PBXResourcesBuildPhase section */
		880620592456BC7F00A66FA9 /* Resources */ = {
			isa = PBXResourcesBuildPhase;
			buildActionMask = 2147483647;
			files = (
				8806206B2456BC7F00A66FA9 /* LaunchScreen.storyboard in Resources */,
				880620682456BC7F00A66FA9 /* Assets.xcassets in Resources */,
				880620662456BC7F00A66FA9 /* Main.storyboard in Resources */,
			);
			runOnlyForDeploymentPostprocessing = 0;
		};
/* End PBXResourcesBuildPhase section */

/* Begin PBXShellScriptBuildPhase section */
		B39603366D921007E4A316A6 /* [CP] Embed Pods Frameworks */ = {
			isa = PBXShellScriptBuildPhase;
			buildActionMask = 2147483647;
			files = (
			);
			inputFileListPaths = (
				"${PODS_ROOT}/Target Support Files/Pods-Covid19-Tracker/Pods-Covid19-Tracker-frameworks-${CONFIGURATION}-input-files.xcfilelist",
			);
			name = "[CP] Embed Pods Frameworks";
			outputFileListPaths = (
				"${PODS_ROOT}/Target Support Files/Pods-Covid19-Tracker/Pods-Covid19-Tracker-frameworks-${CONFIGURATION}-output-files.xcfilelist",
			);
			runOnlyForDeploymentPostprocessing = 0;
			shellPath = /bin/sh;
			shellScript = "\"${PODS_ROOT}/Target Support Files/Pods-Covid19-Tracker/Pods-Covid19-Tracker-frameworks.sh\"\n";
			showEnvVarsInLog = 0;
		};
		D62AEA616C303BEF68EFEB23 /* [CP] Check Pods Manifest.lock */ = {
			isa = PBXShellScriptBuildPhase;
			buildActionMask = 2147483647;
			files = (
			);
			inputFileListPaths = (
			);
			inputPaths = (
				"${PODS_PODFILE_DIR_PATH}/Podfile.lock",
				"${PODS_ROOT}/Manifest.lock",
			);
			name = "[CP] Check Pods Manifest.lock";
			outputFileListPaths = (
			);
			outputPaths = (
				"$(DERIVED_FILE_DIR)/Pods-Covid19-Tracker-checkManifestLockResult.txt",
			);
			runOnlyForDeploymentPostprocessing = 0;
			shellPath = /bin/sh;
			shellScript = "diff \"${PODS_PODFILE_DIR_PATH}/Podfile.lock\" \"${PODS_ROOT}/Manifest.lock\" > /dev/null\nif [ $? != 0 ] ; then\n    # print error to STDERR\n    echo \"error: The sandbox is not in sync with the Podfile.lock. Run 'pod install' or update your CocoaPods installation.\" >&2\n    exit 1\nfi\n# This output is used by Xcode 'outputs' to avoid re-running this script phase.\necho \"SUCCESS\" > \"${SCRIPT_OUTPUT_FILE_0}\"\n";
			showEnvVarsInLog = 0;
		};
/* End PBXShellScriptBuildPhase section */

/* Begin PBXSourcesBuildPhase section */
		880620572456BC7F00A66FA9 /* Sources */ = {
			isa = PBXSourcesBuildPhase;
			buildActionMask = 2147483647;
			files = (
				880620632456BC7F00A66FA9 /* TrackerViewController.swift in Sources */,
				880620782456C3C500A66FA9 /* CovidDataModel.swift in Sources */,
				880620762456C3BB00A66FA9 /* CovidData.swift in Sources */,
				8806207A2456C3D200A66FA9 /* CovidDataManager.swift in Sources */,
				8806205F2456BC7F00A66FA9 /* AppDelegate.swift in Sources */,
				880620612456BC7F00A66FA9 /* SceneDelegate.swift in Sources */,
			);
			runOnlyForDeploymentPostprocessing = 0;
		};
/* End PBXSourcesBuildPhase section */

/* Begin PBXVariantGroup section */
		880620642456BC7F00A66FA9 /* Main.storyboard */ = {
			isa = PBXVariantGroup;
			children = (
				880620652456BC7F00A66FA9 /* Base */,
			);
			name = Main.storyboard;
			sourceTree = "<group>";
		};
		880620692456BC7F00A66FA9 /* LaunchScreen.storyboard */ = {
			isa = PBXVariantGroup;
			children = (
				8806206A2456BC7F00A66FA9 /* Base */,
			);
			name = LaunchScreen.storyboard;
			sourceTree = "<group>";
		};
/* End PBXVariantGroup section */

/* Begin XCBuildConfiguration section */
		8806206D2456BC7F00A66FA9 /* Debug */ = {
			isa = XCBuildConfiguration;
			buildSettings = {
				ALWAYS_SEARCH_USER_PATHS = NO;
				CLANG_ANALYZER_NONNULL = YES;
				CLANG_ANALYZER_NUMBER_OBJECT_CONVERSION = YES_AGGRESSIVE;
				CLANG_CXX_LANGUAGE_STANDARD = "gnu++14";
				CLANG_CXX_LIBRARY = "libc++";
				CLANG_ENABLE_MODULES = YES;
				CLANG_ENABLE_OBJC_ARC = YES;
				CLANG_ENABLE_OBJC_WEAK = YES;
				CLANG_WARN_BLOCK_CAPTURE_AUTORELEASING = YES;
				CLANG_WARN_BOOL_CONVERSION = YES;
				CLANG_WARN_COMMA = YES;
				CLANG_WARN_CONSTANT_CONVERSION = YES;
				CLANG_WARN_DEPRECATED_OBJC_IMPLEMENTATIONS = YES;
				CLANG_WARN_DIRECT_OBJC_ISA_USAGE = YES_ERROR;
				CLANG_WARN_DOCUMENTATION_COMMENTS = YES;
				CLANG_WARN_EMPTY_BODY = YES;
				CLANG_WARN_ENUM_CONVERSION = YES;
				CLANG_WARN_INFINITE_RECURSION = YES;
				CLANG_WARN_INT_CONVERSION = YES;
				CLANG_WARN_NON_LITERAL_NULL_CONVERSION = YES;
				CLANG_WARN_OBJC_IMPLICIT_RETAIN_SELF = YES;
				CLANG_WARN_OBJC_LITERAL_CONVERSION = YES;
				CLANG_WARN_OBJC_ROOT_CLASS = YES_ERROR;
				CLANG_WARN_RANGE_LOOP_ANALYSIS = YES;
				CLANG_WARN_STRICT_PROTOTYPES = YES;
				CLANG_WARN_SUSPICIOUS_MOVE = YES;
				CLANG_WARN_UNGUARDED_AVAILABILITY = YES_AGGRESSIVE;
				CLANG_WARN_UNREACHABLE_CODE = YES;
				CLANG_WARN__DUPLICATE_METHOD_MATCH = YES;
				COPY_PHASE_STRIP = NO;
				DEBUG_INFORMATION_FORMAT = dwarf;
				ENABLE_STRICT_OBJC_MSGSEND = YES;
				ENABLE_TESTABILITY = YES;
				GCC_C_LANGUAGE_STANDARD = gnu11;
				GCC_DYNAMIC_NO_PIC = NO;
				GCC_NO_COMMON_BLOCKS = YES;
				GCC_OPTIMIZATION_LEVEL = 0;
				GCC_PREPROCESSOR_DEFINITIONS = (
					"DEBUG=1",
					"$(inherited)",
				);
				GCC_WARN_64_TO_32_BIT_CONVERSION = YES;
				GCC_WARN_ABOUT_RETURN_TYPE = YES_ERROR;
				GCC_WARN_UNDECLARED_SELECTOR = YES;
				GCC_WARN_UNINITIALIZED_AUTOS = YES_AGGRESSIVE;
				GCC_WARN_UNUSED_FUNCTION = YES;
				GCC_WARN_UNUSED_VARIABLE = YES;
				IPHONEOS_DEPLOYMENT_TARGET = 13.4;
				MTL_ENABLE_DEBUG_INFO = INCLUDE_SOURCE;
				MTL_FAST_MATH = YES;
				ONLY_ACTIVE_ARCH = YES;
				SDKROOT = iphoneos;
				SWIFT_ACTIVE_COMPILATION_CONDITIONS = DEBUG;
				SWIFT_OPTIMIZATION_LEVEL = "-Onone";
			};
			name = Debug;
		};
		8806206E2456BC7F00A66FA9 /* Release */ = {
			isa = XCBuildConfiguration;
			buildSettings = {
				ALWAYS_SEARCH_USER_PATHS = NO;
				CLANG_ANALYZER_NONNULL = YES;
				CLANG_ANALYZER_NUMBER_OBJECT_CONVERSION = YES_AGGRESSIVE;
				CLANG_CXX_LANGUAGE_STANDARD = "gnu++14";
				CLANG_CXX_LIBRARY = "libc++";
				CLANG_ENABLE_MODULES = YES;
				CLANG_ENABLE_OBJC_ARC = YES;
				CLANG_ENABLE_OBJC_WEAK = YES;
				CLANG_WARN_BLOCK_CAPTURE_AUTORELEASING = YES;
				CLANG_WARN_BOOL_CONVERSION = YES;
				CLANG_WARN_COMMA = YES;
				CLANG_WARN_CONSTANT_CONVERSION = YES;
				CLANG_WARN_DEPRECATED_OBJC_IMPLEMENTATIONS = YES;
				CLANG_WARN_DIRECT_OBJC_ISA_USAGE = YES_ERROR;
				CLANG_WARN_DOCUMENTATION_COMMENTS = YES;
				CLANG_WARN_EMPTY_BODY = YES;
				CLANG_WARN_ENUM_CONVERSION = YES;
				CLANG_WARN_INFINITE_RECURSION = YES;
				CLANG_WARN_INT_CONVERSION = YES;
				CLANG_WARN_NON_LITERAL_NULL_CONVERSION = YES;
				CLANG_WARN_OBJC_IMPLICIT_RETAIN_SELF = YES;
				CLANG_WARN_OBJC_LITERAL_CONVERSION = YES;
				CLANG_WARN_OBJC_ROOT_CLASS = YES_ERROR;
				CLANG_WARN_RANGE_LOOP_ANALYSIS = YES;
				CLANG_WARN_STRICT_PROTOTYPES = YES;
				CLANG_WARN_SUSPICIOUS_MOVE = YES;
				CLANG_WARN_UNGUARDED_AVAILABILITY = YES_AGGRESSIVE;
				CLANG_WARN_UNREACHABLE_CODE = YES;
				CLANG_WARN__DUPLICATE_METHOD_MATCH = YES;
				COPY_PHASE_STRIP = NO;
				DEBUG_INFORMATION_FORMAT = "dwarf-with-dsym";
				ENABLE_NS_ASSERTIONS = NO;
				ENABLE_STRICT_OBJC_MSGSEND = YES;
				GCC_C_LANGUAGE_STANDARD = gnu11;
				GCC_NO_COMMON_BLOCKS = YES;
				GCC_WARN_64_TO_32_BIT_CONVERSION = YES;
				GCC_WARN_ABOUT_RETURN_TYPE = YES_ERROR;
				GCC_WARN_UNDECLARED_SELECTOR = YES;
				GCC_WARN_UNINITIALIZED_AUTOS = YES_AGGRESSIVE;
				GCC_WARN_UNUSED_FUNCTION = YES;
				GCC_WARN_UNUSED_VARIABLE = YES;
				IPHONEOS_DEPLOYMENT_TARGET = 13.4;
				MTL_ENABLE_DEBUG_INFO = NO;
				MTL_FAST_MATH = YES;
				SDKROOT = iphoneos;
				SWIFT_COMPILATION_MODE = wholemodule;
				SWIFT_OPTIMIZATION_LEVEL = "-O";
				VALIDATE_PRODUCT = YES;
			};
			name = Release;
		};
		880620702456BC7F00A66FA9 /* Debug */ = {
			isa = XCBuildConfiguration;
			baseConfigurationReference = 36D3961851053933BE330C42 /* Pods-Covid19-Tracker.debug.xcconfig */;
			buildSettings = {
				ASSETCATALOG_COMPILER_APPICON_NAME = AppIcon;
				CODE_SIGN_STYLE = Automatic;
				DEVELOPMENT_TEAM = 4BZ3EM74MH;
				INFOPLIST_FILE = "Covid19-Tracker/Info.plist";
				LD_RUNPATH_SEARCH_PATHS = (
					"$(inherited)",
					"@executable_path/Frameworks",
				);
				PRODUCT_BUNDLE_IDENTIFIER = "com.bananaids.Covid19-Tracker";
				PRODUCT_NAME = "$(TARGET_NAME)";
				SWIFT_VERSION = 5.0;
				TARGETED_DEVICE_FAMILY = 1;
			};
			name = Debug;
		};
		880620712456BC7F00A66FA9 /* Release */ = {
			isa = XCBuildConfiguration;
			baseConfigurationReference = 49E0CC599305D5DF8E508BD4 /* Pods-Covid19-Tracker.release.xcconfig */;
			buildSettings = {
				ASSETCATALOG_COMPILER_APPICON_NAME = AppIcon;
				CODE_SIGN_STYLE = Automatic;
				DEVELOPMENT_TEAM = 4BZ3EM74MH;
				INFOPLIST_FILE = "Covid19-Tracker/Info.plist";
				LD_RUNPATH_SEARCH_PATHS = (
					"$(inherited)",
					"@executable_path/Frameworks",
				);
				PRODUCT_BUNDLE_IDENTIFIER = "com.bananaids.Covid19-Tracker";
				PRODUCT_NAME = "$(TARGET_NAME)";
				SWIFT_VERSION = 5.0;
				TARGETED_DEVICE_FAMILY = 1;
			};
			name = Release;
		};
/* End XCBuildConfiguration section */

/* Begin XCConfigurationList section */
		880620562456BC7F00A66FA9 /* Build configuration list for PBXProject "Covid19-Tracker" */ = {
			isa = XCConfigurationList;
			buildConfigurations = (
				8806206D2456BC7F00A66FA9 /* Debug */,
				8806206E2456BC7F00A66FA9 /* Release */,
			);
			defaultConfigurationIsVisible = 0;
			defaultConfigurationName = Release;
		};
		8806206F2456BC7F00A66FA9 /* Build configuration list for PBXNativeTarget "Covid19-Tracker" */ = {
			isa = XCConfigurationList;
			buildConfigurations = (
				880620702456BC7F00A66FA9 /* Debug */,
				880620712456BC7F00A66FA9 /* Release */,
			);
			defaultConfigurationIsVisible = 0;
			defaultConfigurationName = Release;
		};
/* End XCConfigurationList section */
	};
	rootObject = 880620532456BC7F00A66FA9 /* Project object */;
}
